// !$*UTF8*$!
{
	archiveVersion = 1;
	classes = {
	};
	objectVersion = 55;
	objects = {

/* Begin PBXBuildFile section */
		E61B6D42282E5B940041D330 /* BullseyeTests.swift in Sources */ = {isa = PBXBuildFile; fileRef = E61B6D41282E5B940041D330 /* BullseyeTests.swift */; };
		E62C6910282CFD02004435E3 /* BullseyeApp.swift in Sources */ = {isa = PBXBuildFile; fileRef = E62C690F282CFD02004435E3 /* BullseyeApp.swift */; };
		E62C6914282CFD05004435E3 /* Assets.xcassets in Resources */ = {isa = PBXBuildFile; fileRef = E62C6913282CFD05004435E3 /* Assets.xcassets */; };
		E62C6917282CFD05004435E3 /* Preview Assets.xcassets in Resources */ = {isa = PBXBuildFile; fileRef = E62C6916282CFD05004435E3 /* Preview Assets.xcassets */; };
		E62C6922282D3E6F004435E3 /* Game.swift in Sources */ = {isa = PBXBuildFile; fileRef = E62C6921282D3E6F004435E3 /* Game.swift */; };
		E65EA701283B5ED100EF1912 /* PointsView.swift in Sources */ = {isa = PBXBuildFile; fileRef = E65EA700283B5ED100EF1912 /* PointsView.swift */; };
		E65EA703283B6F0D00EF1912 /* Models.swift in Sources */ = {isa = PBXBuildFile; fileRef = E65EA702283B6F0D00EF1912 /* Models.swift */; };
		E65EA705283BA57C00EF1912 /* LeaderboardView.swift in Sources */ = {isa = PBXBuildFile; fileRef = E65EA704283BA57C00EF1912 /* LeaderboardView.swift */; };
		E6D261AE2837CDD7009ACB32 /* BackgroundView.swift in Sources */ = {isa = PBXBuildFile; fileRef = E6D261AD2837CDD6009ACB32 /* BackgroundView.swift */; };
		E6D5EBF428378D8200DD7397 /* TextViews.swift in Sources */ = {isa = PBXBuildFile; fileRef = E6D5EBF328378D8200DD7397 /* TextViews.swift */; };
		E6D5EBF628378FE400DD7397 /* ContentView.swift in Sources */ = {isa = PBXBuildFile; fileRef = E6D5EBF528378FE400DD7397 /* ContentView.swift */; };
		E6D5EBFA2837C73200DD7397 /* RoundViews.swift in Sources */ = {isa = PBXBuildFile; fileRef = E6D5EBF92837C73200DD7397 /* RoundViews.swift */; };
/* End PBXBuildFile section */

/* Begin PBXContainerItemProxy section */
		E61B6D43282E5B940041D330 /* PBXContainerItemProxy */ = {
			isa = PBXContainerItemProxy;
			containerPortal = E62C6904282CFD02004435E3 /* Project object */;
			proxyType = 1;
			remoteGlobalIDString = E62C690B282CFD02004435E3;
			remoteInfo = Bullseye;
		};
/* End PBXContainerItemProxy section */

/* Begin PBXFileReference section */
		E61B6D3F282E5B940041D330 /* BullseyeTests.xctest */ = {isa = PBXFileReference; explicitFileType = wrapper.cfbundle; includeInIndex = 0; path = BullseyeTests.xctest; sourceTree = BUILT_PRODUCTS_DIR; };
		E61B6D41282E5B940041D330 /* BullseyeTests.swift */ = {isa = PBXFileReference; lastKnownFileType = sourcecode.swift; path = BullseyeTests.swift; sourceTree = "<group>"; };
		E62C690C282CFD02004435E3 /* Bullseye.app */ = {isa = PBXFileReference; explicitFileType = wrapper.application; includeInIndex = 0; path = Bullseye.app; sourceTree = BUILT_PRODUCTS_DIR; };
		E62C690F282CFD02004435E3 /* BullseyeApp.swift */ = {isa = PBXFileReference; lastKnownFileType = sourcecode.swift; path = BullseyeApp.swift; sourceTree = "<group>"; };
		E62C6913282CFD05004435E3 /* Assets.xcassets */ = {isa = PBXFileReference; lastKnownFileType = folder.assetcatalog; path = Assets.xcassets; sourceTree = "<group>"; };
		E62C6916282CFD05004435E3 /* Preview Assets.xcassets */ = {isa = PBXFileReference; lastKnownFileType = folder.assetcatalog; path = "Preview Assets.xcassets"; sourceTree = "<group>"; };
		E62C6921282D3E6F004435E3 /* Game.swift */ = {isa = PBXFileReference; lastKnownFileType = sourcecode.swift; path = Game.swift; sourceTree = "<group>"; };
		E65EA700283B5ED100EF1912 /* PointsView.swift */ = {isa = PBXFileReference; lastKnownFileType = sourcecode.swift; path = PointsView.swift; sourceTree = "<group>"; };
		E65EA702283B6F0D00EF1912 /* Models.swift */ = {isa = PBXFileReference; lastKnownFileType = sourcecode.swift; path = Models.swift; sourceTree = "<group>"; };
		E65EA704283BA57C00EF1912 /* LeaderboardView.swift */ = {isa = PBXFileReference; lastKnownFileType = sourcecode.swift; path = LeaderboardView.swift; sourceTree = "<group>"; };
		E6D261AD2837CDD6009ACB32 /* BackgroundView.swift */ = {isa = PBXFileReference; lastKnownFileType = sourcecode.swift; path = BackgroundView.swift; sourceTree = "<group>"; };
		E6D5EBF328378D8200DD7397 /* TextViews.swift */ = {isa = PBXFileReference; lastKnownFileType = sourcecode.swift; path = TextViews.swift; sourceTree = "<group>"; };
		E6D5EBF528378FE400DD7397 /* ContentView.swift */ = {isa = PBXFileReference; fileEncoding = 4; lastKnownFileType = sourcecode.swift; path = ContentView.swift; sourceTree = "<group>"; };
		E6D5EBF92837C73200DD7397 /* RoundViews.swift */ = {isa = PBXFileReference; lastKnownFileType = sourcecode.swift; path = RoundViews.swift; sourceTree = "<group>"; };
/* End PBXFileReference section */

/* Begin PBXFrameworksBuildPhase section */
		E61B6D3C282E5B940041D330 /* Frameworks */ = {
			isa = PBXFrameworksBuildPhase;
			buildActionMask = 2147483647;
			files = (
			);
			runOnlyForDeploymentPostprocessing = 0;
		};
		E62C6909282CFD02004435E3 /* Frameworks */ = {
			isa = PBXFrameworksBuildPhase;
			buildActionMask = 2147483647;
			files = (
			);
			runOnlyForDeploymentPostprocessing = 0;
		};
/* End PBXFrameworksBuildPhase section */

/* Begin PBXGroup section */
		E61B6D40282E5B940041D330 /* BullseyeTests */ = {
			isa = PBXGroup;
			children = (
				E61B6D41282E5B940041D330 /* BullseyeTests.swift */,
			);
			path = BullseyeTests;
			sourceTree = "<group>";
		};
		E62C6903282CFD02004435E3 = {
			isa = PBXGroup;
			children = (
				E62C690E282CFD02004435E3 /* Bullseye */,
				E61B6D40282E5B940041D330 /* BullseyeTests */,
				E62C690D282CFD02004435E3 /* Products */,
			);
			sourceTree = "<group>";
		};
		E62C690D282CFD02004435E3 /* Products */ = {
			isa = PBXGroup;
			children = (
				E62C690C282CFD02004435E3 /* Bullseye.app */,
				E61B6D3F282E5B940041D330 /* BullseyeTests.xctest */,
			);
			name = Products;
			sourceTree = "<group>";
		};
		E62C690E282CFD02004435E3 /* Bullseye */ = {
			isa = PBXGroup;
			children = (
				E62C6920282D3BDE004435E3 /* Views */,
				E62C691F282D3BD6004435E3 /* Models */,
				E62C691E282D3BC8004435E3 /* App */,
				E62C6915282CFD05004435E3 /* Preview Content */,
			);
			path = Bullseye;
			sourceTree = "<group>";
		};
		E62C6915282CFD05004435E3 /* Preview Content */ = {
			isa = PBXGroup;
			children = (
				E62C6916282CFD05004435E3 /* Preview Assets.xcassets */,
			);
			path = "Preview Content";
			sourceTree = "<group>";
		};
		E62C691E282D3BC8004435E3 /* App */ = {
			isa = PBXGroup;
			children = (
				E62C6913282CFD05004435E3 /* Assets.xcassets */,
				E62C690F282CFD02004435E3 /* BullseyeApp.swift */,
			);
			path = App;
			sourceTree = "<group>";
		};
		E62C691F282D3BD6004435E3 /* Models */ = {
			isa = PBXGroup;
			children = (
				E62C6921282D3E6F004435E3 /* Game.swift */,
				E65EA702283B6F0D00EF1912 /* Models.swift */,
			);
			path = Models;
			sourceTree = "<group>";
		};
		E62C6920282D3BDE004435E3 /* Views */ = {
			isa = PBXGroup;
			children = (
				E6D5EBF328378D8200DD7397 /* TextViews.swift */,
				E6D5EBF528378FE400DD7397 /* ContentView.swift */,
				E6D5EBF92837C73200DD7397 /* RoundViews.swift */,
				E6D261AD2837CDD6009ACB32 /* BackgroundView.swift */,
				E65EA700283B5ED100EF1912 /* PointsView.swift */,
				E65EA704283BA57C00EF1912 /* LeaderboardView.swift */,
			);
			path = Views;
			sourceTree = "<group>";
		};
/* End PBXGroup section */

/* Begin PBXNativeTarget section */
		E61B6D3E282E5B940041D330 /* BullseyeTests */ = {
			isa = PBXNativeTarget;
			buildConfigurationList = E61B6D45282E5B940041D330 /* Build configuration list for PBXNativeTarget "BullseyeTests" */;
			buildPhases = (
				E61B6D3B282E5B940041D330 /* Sources */,
				E61B6D3C282E5B940041D330 /* Frameworks */,
				E61B6D3D282E5B940041D330 /* Resources */,
			);
			buildRules = (
			);
			dependencies = (
				E61B6D44282E5B940041D330 /* PBXTargetDependency */,
			);
			name = BullseyeTests;
			productName = BullseyeTests;
			productReference = E61B6D3F282E5B940041D330 /* BullseyeTests.xctest */;
			productType = "com.apple.product-type.bundle.unit-test";
		};
		E62C690B282CFD02004435E3 /* Bullseye */ = {
			isa = PBXNativeTarget;
			buildConfigurationList = E62C691A282CFD05004435E3 /* Build configuration list for PBXNativeTarget "Bullseye" */;
			buildPhases = (
				E62C6908282CFD02004435E3 /* Sources */,
				E62C6909282CFD02004435E3 /* Frameworks */,
				E62C690A282CFD02004435E3 /* Resources */,
			);
			buildRules = (
			);
			dependencies = (
			);
			name = Bullseye;
			productName = Bullseye;
			productReference = E62C690C282CFD02004435E3 /* Bullseye.app */;
			productType = "com.apple.product-type.application";
		};
/* End PBXNativeTarget section */

/* Begin PBXProject section */
		E62C6904282CFD02004435E3 /* Project object */ = {
			isa = PBXProject;
			attributes = {
				BuildIndependentTargetsInParallel = 1;
				LastSwiftUpdateCheck = 1330;
				LastUpgradeCheck = 1330;
				TargetAttributes = {
					E61B6D3E282E5B940041D330 = {
						CreatedOnToolsVersion = 13.3.1;
						TestTargetID = E62C690B282CFD02004435E3;
					};
					E62C690B282CFD02004435E3 = {
						CreatedOnToolsVersion = 13.3.1;
					};
				};
			};
			buildConfigurationList = E62C6907282CFD02004435E3 /* Build configuration list for PBXProject "Bullseye" */;
			compatibilityVersion = "Xcode 13.0";
			developmentRegion = en;
			hasScannedForEncodings = 0;
			knownRegions = (
				en,
				Base,
			);
			mainGroup = E62C6903282CFD02004435E3;
			productRefGroup = E62C690D282CFD02004435E3 /* Products */;
			projectDirPath = "";
			projectRoot = "";
			targets = (
				E62C690B282CFD02004435E3 /* Bullseye */,
				E61B6D3E282E5B940041D330 /* BullseyeTests */,
			);
		};
/* End PBXProject section */

/* Begin PBXResourcesBuildPhase section */
		E61B6D3D282E5B940041D330 /* Resources */ = {
			isa = PBXResourcesBuildPhase;
			buildActionMask = 2147483647;
			files = (
			);
			runOnlyForDeploymentPostprocessing = 0;
		};
		E62C690A282CFD02004435E3 /* Resources */ = {
			isa = PBXResourcesBuildPhase;
			buildActionMask = 2147483647;
			files = (
				E62C6917282CFD05004435E3 /* Preview Assets.xcassets in Resources */,
				E62C6914282CFD05004435E3 /* Assets.xcassets in Resources */,
			);
			runOnlyForDeploymentPostprocessing = 0;
		};
/* End PBXResourcesBuildPhase section */

/* Begin PBXSourcesBuildPhase section */
		E61B6D3B282E5B940041D330 /* Sources */ = {
			isa = PBXSourcesBuildPhase;
			buildActionMask = 2147483647;
			files = (
				E61B6D42282E5B940041D330 /* BullseyeTests.swift in Sources */,
			);
			runOnlyForDeploymentPostprocessing = 0;
		};
		E62C6908282CFD02004435E3 /* Sources */ = {
			isa = PBXSourcesBuildPhase;
			buildActionMask = 2147483647;
			files = (
				E6D261AE2837CDD7009ACB32 /* BackgroundView.swift in Sources */,
				E6D5EBFA2837C73200DD7397 /* RoundViews.swift in Sources */,
				E6D5EBF428378D8200DD7397 /* TextViews.swift in Sources */,
				E65EA703283B6F0D00EF1912 /* Models.swift in Sources */,
				E65EA705283BA57C00EF1912 /* LeaderboardView.swift in Sources */,
				E62C6922282D3E6F004435E3 /* Game.swift in Sources */,
				E65EA701283B5ED100EF1912 /* PointsView.swift in Sources */,
				E6D5EBF628378FE400DD7397 /* ContentView.swift in Sources */,
				E62C6910282CFD02004435E3 /* BullseyeApp.swift in Sources */,
			);
			runOnlyForDeploymentPostprocessing = 0;
		};
/* End PBXSourcesBuildPhase section */

/* Begin PBXTargetDependency section */
		E61B6D44282E5B940041D330 /* PBXTargetDependency */ = {
			isa = PBXTargetDependency;
			target = E62C690B282CFD02004435E3 /* Bullseye */;
			targetProxy = E61B6D43282E5B940041D330 /* PBXContainerItemProxy */;
		};
/* End PBXTargetDependency section */

/* Begin XCBuildConfiguration section */
		E61B6D46282E5B940041D330 /* Debug */ = {
			isa = XCBuildConfiguration;
			buildSettings = {
				BUNDLE_LOADER = "$(TEST_HOST)";
				CODE_SIGN_STYLE = Automatic;
				CURRENT_PROJECT_VERSION = 1;
				DEVELOPMENT_TEAM = 56522S7SKK;
				GENERATE_INFOPLIST_FILE = YES;
				MARKETING_VERSION = 1.0;
				PRODUCT_BUNDLE_IDENTIFIER = caroline.BullseyeTests;
				PRODUCT_NAME = "$(TARGET_NAME)";
				SWIFT_EMIT_LOC_STRINGS = NO;
				SWIFT_VERSION = 5.0;
				TARGETED_DEVICE_FAMILY = "1,2";
				TEST_HOST = "$(BUILT_PRODUCTS_DIR)/Bullseye.app/Bullseye";
			};
			name = Debug;
		};
		E61B6D47282E5B940041D330 /* Release */ = {
			isa = XCBuildConfiguration;
			buildSettings = {
				BUNDLE_LOADER = "$(TEST_HOST)";
				CODE_SIGN_STYLE = Automatic;
				CURRENT_PROJECT_VERSION = 1;
				DEVELOPMENT_TEAM = 56522S7SKK;
				GENERATE_INFOPLIST_FILE = YES;
				MARKETING_VERSION = 1.0;
				PRODUCT_BUNDLE_IDENTIFIER = caroline.BullseyeTests;
				PRODUCT_NAME = "$(TARGET_NAME)";
				SWIFT_EMIT_LOC_STRINGS = NO;
				SWIFT_VERSION = 5.0;
				TARGETED_DEVICE_FAMILY = "1,2";
				TEST_HOST = "$(BUILT_PRODUCTS_DIR)/Bullseye.app/Bullseye";
			};
			name = Release;
		};
		E62C6918282CFD05004435E3 /* Debug */ = {
			isa = XCBuildConfiguration;
			buildSettings = {
				ALWAYS_SEARCH_USER_PATHS = NO;
				CLANG_ANALYZER_NONNULL = YES;
				CLANG_ANALYZER_NUMBER_OBJECT_CONVERSION = YES_AGGRESSIVE;
				CLANG_CXX_LANGUAGE_STANDARD = "gnu++17";
				CLANG_ENABLE_MODULES = YES;
				CLANG_ENABLE_OBJC_ARC = YES;
				CLANG_ENABLE_OBJC_WEAK = YES;
				CLANG_WARN_BLOCK_CAPTURE_AUTORELEASING = YES;
				CLANG_WARN_BOOL_CONVERSION = YES;
				CLANG_WARN_COMMA = YES;
				CLANG_WARN_CONSTANT_CONVERSION = YES;
				CLANG_WARN_DEPRECATED_OBJC_IMPLEMENTATIONS = YES;
				CLANG_WARN_DIRECT_OBJC_ISA_USAGE = YES_ERROR;
				CLANG_WARN_DOCUMENTATION_COMMENTS = YES;
				CLANG_WARN_EMPTY_BODY = YES;
				CLANG_WARN_ENUM_CONVERSION = YES;
				CLANG_WARN_INFINITE_RECURSION = YES;
				CLANG_WARN_INT_CONVERSION = YES;
				CLANG_WARN_NON_LITERAL_NULL_CONVERSION = YES;
				CLANG_WARN_OBJC_IMPLICIT_RETAIN_SELF = YES;
				CLANG_WARN_OBJC_LITERAL_CONVERSION = YES;
				CLANG_WARN_OBJC_ROOT_CLASS = YES_ERROR;
				CLANG_WARN_QUOTED_INCLUDE_IN_FRAMEWORK_HEADER = YES;
				CLANG_WARN_RANGE_LOOP_ANALYSIS = YES;
				CLANG_WARN_STRICT_PROTOTYPES = YES;
				CLANG_WARN_SUSPICIOUS_MOVE = YES;
				CLANG_WARN_UNGUARDED_AVAILABILITY = YES_AGGRESSIVE;
				CLANG_WARN_UNREACHABLE_CODE = YES;
				CLANG_WARN__DUPLICATE_METHOD_MATCH = YES;
				COPY_PHASE_STRIP = NO;
				DEBUG_INFORMATION_FORMAT = dwarf;
				ENABLE_STRICT_OBJC_MSGSEND = YES;
				ENABLE_TESTABILITY = YES;
				GCC_C_LANGUAGE_STANDARD = gnu11;
				GCC_DYNAMIC_NO_PIC = NO;
				GCC_NO_COMMON_BLOCKS = YES;
				GCC_OPTIMIZATION_LEVEL = 0;
				GCC_PREPROCESSOR_DEFINITIONS = (
					"DEBUG=1",
					"$(inherited)",
				);
				GCC_WARN_64_TO_32_BIT_CONVERSION = YES;
				GCC_WARN_ABOUT_RETURN_TYPE = YES_ERROR;
				GCC_WARN_UNDECLARED_SELECTOR = YES;
				GCC_WARN_UNINITIALIZED_AUTOS = YES_AGGRESSIVE;
				GCC_WARN_UNUSED_FUNCTION = YES;
				GCC_WARN_UNUSED_VARIABLE = YES;
				IPHONEOS_DEPLOYMENT_TARGET = 15.4;
				MTL_ENABLE_DEBUG_INFO = INCLUDE_SOURCE;
				MTL_FAST_MATH = YES;
				ONLY_ACTIVE_ARCH = YES;
				SDKROOT = iphoneos;
				SWIFT_ACTIVE_COMPILATION_CONDITIONS = DEBUG;
				SWIFT_OPTIMIZATION_LEVEL = "-Onone";
			};
			name = Debug;
		};
		E62C6919282CFD05004435E3 /* Release */ = {
			isa = XCBuildConfiguration;
			buildSettings = {
				ALWAYS_SEARCH_USER_PATHS = NO;
				CLANG_ANALYZER_NONNULL = YES;
				CLANG_ANALYZER_NUMBER_OBJECT_CONVERSION = YES_AGGRESSIVE;
				CLANG_CXX_LANGUAGE_STANDARD = "gnu++17";
				CLANG_ENABLE_MODULES = YES;
				CLANG_ENABLE_OBJC_ARC = YES;
				CLANG_ENABLE_OBJC_WEAK = YES;
				CLANG_WARN_BLOCK_CAPTURE_AUTORELEASING = YES;
				CLANG_WARN_BOOL_CONVERSION = YES;
				CLANG_WARN_COMMA = YES;
				CLANG_WARN_CONSTANT_CONVERSION = YES;
				CLANG_WARN_DEPRECATED_OBJC_IMPLEMENTATIONS = YES;
				CLANG_WARN_DIRECT_OBJC_ISA_USAGE = YES_ERROR;
				CLANG_WARN_DOCUMENTATION_COMMENTS = YES;
				CLANG_WARN_EMPTY_BODY = YES;
				CLANG_WARN_ENUM_CONVERSION = YES;
				CLANG_WARN_INFINITE_RECURSION = YES;
				CLANG_WARN_INT_CONVERSION = YES;
				CLANG_WARN_NON_LITERAL_NULL_CONVERSION = YES;
				CLANG_WARN_OBJC_IMPLICIT_RETAIN_SELF = YES;
				CLANG_WARN_OBJC_LITERAL_CONVERSION = YES;
				CLANG_WARN_OBJC_ROOT_CLASS = YES_ERROR;
				CLANG_WARN_QUOTED_INCLUDE_IN_FRAMEWORK_HEADER = YES;
				CLANG_WARN_RANGE_LOOP_ANALYSIS = YES;
				CLANG_WARN_STRICT_PROTOTYPES = YES;
				CLANG_WARN_SUSPICIOUS_MOVE = YES;
				CLANG_WARN_UNGUARDED_AVAILABILITY = YES_AGGRESSIVE;
				CLANG_WARN_UNREACHABLE_CODE = YES;
				CLANG_WARN__DUPLICATE_METHOD_MATCH = YES;
				COPY_PHASE_STRIP = NO;
				DEBUG_INFORMATION_FORMAT = "dwarf-with-dsym";
				ENABLE_NS_ASSERTIONS = NO;
				ENABLE_STRICT_OBJC_MSGSEND = YES;
				GCC_C_LANGUAGE_STANDARD = gnu11;
				GCC_NO_COMMON_BLOCKS = YES;
				GCC_WARN_64_TO_32_BIT_CONVERSION = YES;
				GCC_WARN_ABOUT_RETURN_TYPE = YES_ERROR;
				GCC_WARN_UNDECLARED_SELECTOR = YES;
				GCC_WARN_UNINITIALIZED_AUTOS = YES_AGGRESSIVE;
				GCC_WARN_UNUSED_FUNCTION = YES;
				GCC_WARN_UNUSED_VARIABLE = YES;
				IPHONEOS_DEPLOYMENT_TARGET = 15.4;
				MTL_ENABLE_DEBUG_INFO = NO;
				MTL_FAST_MATH = YES;
				SDKROOT = iphoneos;
				SWIFT_COMPILATION_MODE = wholemodule;
				SWIFT_OPTIMIZATION_LEVEL = "-O";
				VALIDATE_PRODUCT = YES;
			};
			name = Release;
		};
		E62C691B282CFD05004435E3 /* Debug */ = {
			isa = XCBuildConfiguration;
			buildSettings = {
				ASSETCATALOG_COMPILER_APPICON_NAME = AppIcon;
				ASSETCATALOG_COMPILER_GLOBAL_ACCENT_COLOR_NAME = AccentColor;
				CODE_SIGN_STYLE = Automatic;
				CURRENT_PROJECT_VERSION = 1;
				DEVELOPMENT_ASSET_PATHS = "\"Bullseye/Preview Content\"";
				DEVELOPMENT_TEAM = 56522S7SKK;
				ENABLE_PREVIEWS = YES;
				GENERATE_INFOPLIST_FILE = YES;
				INFOPLIST_KEY_UIApplicationSceneManifest_Generation = YES;
				INFOPLIST_KEY_UIApplicationSupportsIndirectInputEvents = YES;
				INFOPLIST_KEY_UILaunchScreen_Generation = YES;
				INFOPLIST_KEY_UISupportedInterfaceOrientations_iPad = "UIInterfaceOrientationPortrait UIInterfaceOrientationPortraitUpsideDown UIInterfaceOrientationLandscapeLeft UIInterfaceOrientationLandscapeRight";
				INFOPLIST_KEY_UISupportedInterfaceOrientations_iPhone = "UIInterfaceOrientationPortrait UIInterfaceOrientationLandscapeLeft UIInterfaceOrientationLandscapeRight";
				LD_RUNPATH_SEARCH_PATHS = (
					"$(inherited)",
					"@executable_path/Frameworks",
				);
				MARKETING_VERSION = 1.0;
				PRODUCT_BUNDLE_IDENTIFIER = caroline.Bullseye;
				PRODUCT_NAME = "$(TARGET_NAME)";
				SWIFT_EMIT_LOC_STRINGS = YES;
				SWIFT_VERSION = 5.0;
				TARGETED_DEVICE_FAMILY = "1,2";
			};
			name = Debug;
		};
		E62C691C282CFD05004435E3 /* Release */ = {
			isa = XCBuildConfiguration;
			buildSettings = {
				ASSETCATALOG_COMPILER_APPICON_NAME = AppIcon;
				ASSETCATALOG_COMPILER_GLOBAL_ACCENT_COLOR_NAME = AccentColor;
				CODE_SIGN_STYLE = Automatic;
				CURRENT_PROJECT_VERSION = 1;
				DEVELOPMENT_ASSET_PATHS = "\"Bullseye/Preview Content\"";
				DEVELOPMENT_TEAM = 56522S7SKK;
				ENABLE_PREVIEWS = YES;
				GENERATE_INFOPLIST_FILE = YES;
				INFOPLIST_KEY_UIApplicationSceneManifest_Generation = YES;
				INFOPLIST_KEY_UIApplicationSupportsIndirectInputEvents = YES;
				INFOPLIST_KEY_UILaunchScreen_Generation = YES;
				INFOPLIST_KEY_UISupportedInterfaceOrientations_iPad = "UIInterfaceOrientationPortrait UIInterfaceOrientationPortraitUpsideDown UIInterfaceOrientationLandscapeLeft UIInterfaceOrientationLandscapeRight";
				INFOPLIST_KEY_UISupportedInterfaceOrientations_iPhone = "UIInterfaceOrientationPortrait UIInterfaceOrientationLandscapeLeft UIInterfaceOrientationLandscapeRight";
				LD_RUNPATH_SEARCH_PATHS = (
					"$(inherited)",
					"@executable_path/Frameworks",
				);
				MARKETING_VERSION = 1.0;
				PRODUCT_BUNDLE_IDENTIFIER = caroline.Bullseye;
				PRODUCT_NAME = "$(TARGET_NAME)";
				SWIFT_EMIT_LOC_STRINGS = YES;
				SWIFT_VERSION = 5.0;
				TARGETED_DEVICE_FAMILY = "1,2";
			};
			name = Release;
		};
/* End XCBuildConfiguration section */

/* Begin XCConfigurationList section */
		E61B6D45282E5B940041D330 /* Build configuration list for PBXNativeTarget "BullseyeTests" */ = {
			isa = XCConfigurationList;
			buildConfigurations = (
				E61B6D46282E5B940041D330 /* Debug */,
				E61B6D47282E5B940041D330 /* Release */,
			);
			defaultConfigurationIsVisible = 0;
			defaultConfigurationName = Release;
		};
		E62C6907282CFD02004435E3 /* Build configuration list for PBXProject "Bullseye" */ = {
			isa = XCConfigurationList;
			buildConfigurations = (
				E62C6918282CFD05004435E3 /* Debug */,
				E62C6919282CFD05004435E3 /* Release */,
			);
			defaultConfigurationIsVisible = 0;
			defaultConfigurationName = Release;
		};
		E62C691A282CFD05004435E3 /* Build configuration list for PBXNativeTarget "Bullseye" */ = {
			isa = XCConfigurationList;
			buildConfigurations = (
				E62C691B282CFD05004435E3 /* Debug */,
				E62C691C282CFD05004435E3 /* Release */,
			);
			defaultConfigurationIsVisible = 0;
			defaultConfigurationName = Release;
		};
/* End XCConfigurationList section */
	};
	rootObject = E62C6904282CFD02004435E3 /* Project object */;
}
